
Microsoft Visual Studio Solution File, Format Version 11.00
# Visual Studio 2010
Project("{FAE04EC0-301F-11D3-BF4B-00C04F79EFBC}") = "TheLight", "Assembly-CSharp-firstpass.csproj", "{E1A780A8-8E12-41AD-36E9-BE32F294FF91}"
EndProject
Project("{FAE04EC0-301F-11D3-BF4B-00C04F79EFBC}") = "TheLight", "Assembly-CSharp.csproj", "{9C7F1B88-81F6-8B83-536F-F4BB87C21BE9}"
EndProject
Project("{FAE04EC0-301F-11D3-BF4B-00C04F79EFBC}") = "TheLight", "Assembly-CSharp-Editor-firstpass.csproj", "{4D2BF2E4-8722-7002-E82E-84630FEF3E30}"
EndProject
Global
	GlobalSection(SolutionConfigurationPlatforms) = preSolution
		Debug|Any CPU = Debug|Any CPU
		Release|Any CPU = Release|Any CPU
	EndGlobalSection
	GlobalSection(ProjectConfigurationPlatforms) = postSolution
		{E1A780A8-8E12-41AD-36E9-BE32F294FF91}.Debug|Any CPU.ActiveCfg = Debug|Any CPU
		{E1A780A8-8E12-41AD-36E9-BE32F294FF91}.Debug|Any CPU.Build.0 = Debug|Any CPU
		{E1A780A8-8E12-41AD-36E9-BE32F294FF91}.Release|Any CPU.ActiveCfg = Release|Any CPU
		{E1A780A8-8E12-41AD-36E9-BE32F294FF91}.Release|Any CPU.Build.0 = Release|Any CPU
		{9C7F1B88-81F6-8B83-536F-F4BB87C21BE9}.Debug|Any CPU.ActiveCfg = Debug|Any CPU
		{9C7F1B88-81F6-8B83-536F-F4BB87C21BE9}.Debug|Any CPU.Build.0 = Debug|Any CPU
		{9C7F1B88-81F6-8B83-536F-F4BB87C21BE9}.Release|Any CPU.ActiveCfg = Release|Any CPU
		{9C7F1B88-81F6-8B83-536F-F4BB87C21BE9}.Release|Any CPU.Build.0 = Release|Any CPU
		{4D2BF2E4-8722-7002-E82E-84630FEF3E30}.Debug|Any CPU.ActiveCfg = Debug|Any CPU
		{4D2BF2E4-8722-7002-E82E-84630FEF3E30}.Debug|Any CPU.Build.0 = Debug|Any CPU
		{4D2BF2E4-8722-7002-E82E-84630FEF3E30}.Release|Any CPU.ActiveCfg = Release|Any CPU
		{4D2BF2E4-8722-7002-E82E-84630FEF3E30}.Release|Any CPU.Build.0 = Release|Any CPU
	EndGlobalSection
	GlobalSection(SolutionProperties) = preSolution
		HideSolutionNode = FALSE
	EndGlobalSection
	GlobalSection(MonoDevelopProperties) = preSolution
		StartupItem = Assembly-CSharp.csproj
	EndGlobalSection
EndGlobal
